
Microsoft Visual Studio Solution File, Format Version 12.00
# Visual Studio Version 17
VisualStudioVersion = 17.11.35327.3
MinimumVisualStudioVersion = 10.0.40219.1
Project("{FAE04EC0-301F-11D3-BF4B-00C04F79EFBC}") = "ContactsMVC", "ContactsMVC\ContactsMVC.csproj", "{12FECF40-9B09-4F29-A72F-FA03B8691921}"
EndProject
Global
	GlobalSection(SolutionConfigurationPlatforms) = preSolution
		Debug|Any CPU = Debug|Any CPU
		Release|Any CPU = Release|Any CPU
	EndGlobalSection
	GlobalSection(ProjectConfigurationPlatforms) = postSolution
		{12FECF40-9B09-4F29-A72F-FA03B8691921}.Debug|Any CPU.ActiveCfg = Debug|Any CPU
		{12FECF40-9B09-4F29-A72F-FA03B8691921}.Debug|Any CPU.Build.0 = Debug|Any CPU
		{12FECF40-9B09-4F29-A72F-FA03B8691921}.Release|Any CPU.ActiveCfg = Release|Any CPU
		{12FECF40-9B09-4F29-A72F-FA03B8691921}.Release|Any CPU.Build.0 = Release|Any CPU
	EndGlobalSection
	GlobalSection(SolutionProperties) = preSolution
		HideSolutionNode = FALSE
	EndGlobalSection
	GlobalSection(ExtensibilityGlobals) = postSolution
		SolutionGuid = {AB72C467-177F-4E11-8DE6-C3934F7747C1}
	EndGlobalSection
EndGlobal
